// !$*UTF8*$!
{
	archiveVersion = 1;
	classes = {
	};
	objectVersion = 56;
	objects = {

/* Begin PBXBuildFile section */
		65065E572C67D17500789F92 /* PopularMoviesViewController.swift in Sources */ = {isa = PBXBuildFile; fileRef = 65065E562C67D17500789F92 /* PopularMoviesViewController.swift */; };
		65065E592C67D19B00789F92 /* FavoritesViewController.swift in Sources */ = {isa = PBXBuildFile; fileRef = 65065E582C67D19B00789F92 /* FavoritesViewController.swift */; };
		65065E5D2C67D22700789F92 /* PopularCollectionViewCell.swift in Sources */ = {isa = PBXBuildFile; fileRef = 65065E5C2C67D22700789F92 /* PopularCollectionViewCell.swift */; };
		65065E5F2C67D24100789F92 /* FavoritesTableViewCell.swift in Sources */ = {isa = PBXBuildFile; fileRef = 65065E5E2C67D24100789F92 /* FavoritesTableViewCell.swift */; };
		654599BA2C67F5C900DEA1C6 /* PopularMoviesViewModel.swift in Sources */ = {isa = PBXBuildFile; fileRef = 654599B92C67F5C900DEA1C6 /* PopularMoviesViewModel.swift */; };
		6548E6FB2C42E4AF00B4A83A /* AppDelegate.swift in Sources */ = {isa = PBXBuildFile; fileRef = 6548E6FA2C42E4AF00B4A83A /* AppDelegate.swift */; };
		6548E6FD2C42E4AF00B4A83A /* SceneDelegate.swift in Sources */ = {isa = PBXBuildFile; fileRef = 6548E6FC2C42E4AF00B4A83A /* SceneDelegate.swift */; };
		6548E7042C42E4B100B4A83A /* Assets.xcassets in Resources */ = {isa = PBXBuildFile; fileRef = 6548E7032C42E4B100B4A83A /* Assets.xcassets */; };
		654AFC3D2CA2BC3D00737482 /* SnapKit in Frameworks */ = {isa = PBXBuildFile; productRef = 654AFC3C2CA2BC3D00737482 /* SnapKit */; };
		654AFC422CA2BC6400737482 /* Kingfisher in Frameworks */ = {isa = PBXBuildFile; productRef = 654AFC412CA2BC6400737482 /* Kingfisher */; };
		657FAF472C42F34900E24F53 /* HomeTabContoller.swift in Sources */ = {isa = PBXBuildFile; fileRef = 657FAF462C42F34900E24F53 /* HomeTabContoller.swift */; };
		659E87B42C67DE0B00286ABF /* EndpointManager.swift in Sources */ = {isa = PBXBuildFile; fileRef = 659E87B32C67DE0B00286ABF /* EndpointManager.swift */; };
		659E87B72C67E06700286ABF /* Service.swift in Sources */ = {isa = PBXBuildFile; fileRef = 659E87B62C67E06700286ABF /* Service.swift */; };
		659E87BA2C67E0C100286ABF /* APIManager.swift in Sources */ = {isa = PBXBuildFile; fileRef = 659E87B92C67E0C100286ABF /* APIManager.swift */; };
		659E87BC2C67E19200286ABF /* MoviesError.swift in Sources */ = {isa = PBXBuildFile; fileRef = 659E87BB2C67E19200286ABF /* MoviesError.swift */; };
		659E87BF2C67E62200286ABF /* EndPoint.swift in Sources */ = {isa = PBXBuildFile; fileRef = 659E87BE2C67E62200286ABF /* EndPoint.swift */; };
		65B634132C4D4CC80035CA99 /* Utils.swift in Sources */ = {isa = PBXBuildFile; fileRef = 65B634122C4D4CC80035CA99 /* Utils.swift */; };
		65D1FE5E2C781B7200A1EAFD /* MovieDetailViewController.swift in Sources */ = {isa = PBXBuildFile; fileRef = 65D1FE5D2C781B7200A1EAFD /* MovieDetailViewController.swift */; };
		65D1FE602C7835AA00A1EAFD /* MovieDetailCell.swift in Sources */ = {isa = PBXBuildFile; fileRef = 65D1FE5F2C7835AA00A1EAFD /* MovieDetailCell.swift */; };
		65D4BAC52CABF218009D71FE /* FavoritesManager.swift in Sources */ = {isa = PBXBuildFile; fileRef = 65D4BAC42CABF218009D71FE /* FavoritesManager.swift */; };
		65FB5EB32C5AAFA200D86D80 /* PopularMovies.swift in Sources */ = {isa = PBXBuildFile; fileRef = 65FB5EB22C5AAFA200D86D80 /* PopularMovies.swift */; };
/* End PBXBuildFile section */

/* Begin PBXCopyFilesBuildPhase section */
		654AFC442CA2BCC100737482 /* Embed Frameworks */ = {
			isa = PBXCopyFilesBuildPhase;
			buildActionMask = 2147483647;
			dstPath = "";
			dstSubfolderSpec = 10;
			files = (
			);
			name = "Embed Frameworks";
			runOnlyForDeploymentPostprocessing = 0;
		};
/* End PBXCopyFilesBuildPhase section */

/* Begin PBXFileReference section */
		65065E562C67D17500789F92 /* PopularMoviesViewController.swift */ = {isa = PBXFileReference; fileEncoding = 4; lastKnownFileType = sourcecode.swift; path = PopularMoviesViewController.swift; sourceTree = "<group>"; };
		65065E582C67D19B00789F92 /* FavoritesViewController.swift */ = {isa = PBXFileReference; fileEncoding = 4; lastKnownFileType = sourcecode.swift; path = FavoritesViewController.swift; sourceTree = "<group>"; };
		65065E5C2C67D22700789F92 /* PopularCollectionViewCell.swift */ = {isa = PBXFileReference; fileEncoding = 4; lastKnownFileType = sourcecode.swift; path = PopularCollectionViewCell.swift; sourceTree = "<group>"; };
		65065E5E2C67D24100789F92 /* FavoritesTableViewCell.swift */ = {isa = PBXFileReference; fileEncoding = 4; lastKnownFileType = sourcecode.swift; path = FavoritesTableViewCell.swift; sourceTree = "<group>"; };
		654599B92C67F5C900DEA1C6 /* PopularMoviesViewModel.swift */ = {isa = PBXFileReference; lastKnownFileType = sourcecode.swift; path = PopularMoviesViewModel.swift; sourceTree = "<group>"; };
		6548E6F72C42E4AF00B4A83A /* MovieMate.app */ = {isa = PBXFileReference; explicitFileType = wrapper.application; includeInIndex = 0; path = MovieMate.app; sourceTree = BUILT_PRODUCTS_DIR; };
		6548E6FA2C42E4AF00B4A83A /* AppDelegate.swift */ = {isa = PBXFileReference; lastKnownFileType = sourcecode.swift; path = AppDelegate.swift; sourceTree = "<group>"; };
		6548E6FC2C42E4AF00B4A83A /* SceneDelegate.swift */ = {isa = PBXFileReference; lastKnownFileType = sourcecode.swift; path = SceneDelegate.swift; sourceTree = "<group>"; };
		6548E7032C42E4B100B4A83A /* Assets.xcassets */ = {isa = PBXFileReference; lastKnownFileType = folder.assetcatalog; path = Assets.xcassets; sourceTree = "<group>"; };
		6548E7082C42E4B100B4A83A /* Info.plist */ = {isa = PBXFileReference; lastKnownFileType = text.plist.xml; path = Info.plist; sourceTree = "<group>"; };
		657FAF462C42F34900E24F53 /* HomeTabContoller.swift */ = {isa = PBXFileReference; lastKnownFileType = sourcecode.swift; path = HomeTabContoller.swift; sourceTree = "<group>"; };
		659E87B32C67DE0B00286ABF /* EndpointManager.swift */ = {isa = PBXFileReference; lastKnownFileType = sourcecode.swift; path = EndpointManager.swift; sourceTree = "<group>"; };
		659E87B62C67E06700286ABF /* Service.swift */ = {isa = PBXFileReference; lastKnownFileType = sourcecode.swift; path = Service.swift; sourceTree = "<group>"; };
		659E87B92C67E0C100286ABF /* APIManager.swift */ = {isa = PBXFileReference; lastKnownFileType = sourcecode.swift; path = APIManager.swift; sourceTree = "<group>"; };
		659E87BB2C67E19200286ABF /* MoviesError.swift */ = {isa = PBXFileReference; lastKnownFileType = sourcecode.swift; path = MoviesError.swift; sourceTree = "<group>"; };
		659E87BE2C67E62200286ABF /* EndPoint.swift */ = {isa = PBXFileReference; lastKnownFileType = sourcecode.swift; path = EndPoint.swift; sourceTree = "<group>"; };
		65B634122C4D4CC80035CA99 /* Utils.swift */ = {isa = PBXFileReference; lastKnownFileType = sourcecode.swift; path = Utils.swift; sourceTree = "<group>"; };
		65D1FE5D2C781B7200A1EAFD /* MovieDetailViewController.swift */ = {isa = PBXFileReference; lastKnownFileType = sourcecode.swift; path = MovieDetailViewController.swift; sourceTree = "<group>"; };
		65D1FE5F2C7835AA00A1EAFD /* MovieDetailCell.swift */ = {isa = PBXFileReference; lastKnownFileType = sourcecode.swift; path = MovieDetailCell.swift; sourceTree = "<group>"; };
		65D4BAC42CABF218009D71FE /* FavoritesManager.swift */ = {isa = PBXFileReference; lastKnownFileType = sourcecode.swift; path = FavoritesManager.swift; sourceTree = "<group>"; };
		65FB5EB22C5AAFA200D86D80 /* PopularMovies.swift */ = {isa = PBXFileReference; lastKnownFileType = sourcecode.swift; path = PopularMovies.swift; sourceTree = "<group>"; };
/* End PBXFileReference section */

/* Begin PBXFrameworksBuildPhase section */
		6548E6F42C42E4AF00B4A83A /* Frameworks */ = {
			isa = PBXFrameworksBuildPhase;
			buildActionMask = 2147483647;
			files = (
				654AFC422CA2BC6400737482 /* Kingfisher in Frameworks */,
				654AFC3D2CA2BC3D00737482 /* SnapKit in Frameworks */,
			);
			runOnlyForDeploymentPostprocessing = 0;
		};
/* End PBXFrameworksBuildPhase section */

/* Begin PBXGroup section */
		65065E2E2C67CEFA00789F92 /* Views */ = {
			isa = PBXGroup;
			children = (
				65D1FE5C2C781B4D00A1EAFD /* Movie Details */,
				657FAF4B2C434C7100E24F53 /* Favorites */,
				657FAF4A2C434AAF00E24F53 /* Popupar Movies */,
			);
			path = Views;
			sourceTree = "<group>";
		};
		65065E512C67D0CD00789F92 /* Model */ = {
			isa = PBXGroup;
			children = (
				659E87BD2C67E61600286ABF /* EndPoint */,
				659E87B82C67E0AD00286ABF /* API */,
				659E87B52C67E05800286ABF /* Service */,
				65FB5EB12C5AAF7F00D86D80 /* Data */,
			);
			path = Model;
			sourceTree = "<group>";
		};
		654599B82C67F5AE00DEA1C6 /* ViewModel */ = {
			isa = PBXGroup;
			children = (
				654599B92C67F5C900DEA1C6 /* PopularMoviesViewModel.swift */,
			);
			path = ViewModel;
			sourceTree = "<group>";
		};
		6548E6EE2C42E4AF00B4A83A = {
			isa = PBXGroup;
			children = (
				6548E6F92C42E4AF00B4A83A /* MovieMate */,
				6548E6F82C42E4AF00B4A83A /* Products */,
			);
			sourceTree = "<group>";
		};
		6548E6F82C42E4AF00B4A83A /* Products */ = {
			isa = PBXGroup;
			children = (
				6548E6F72C42E4AF00B4A83A /* MovieMate.app */,
			);
			name = Products;
			sourceTree = "<group>";
		};
		6548E6F92C42E4AF00B4A83A /* MovieMate */ = {
			isa = PBXGroup;
			children = (
				658A4A442C6AE4B700E40C97 /* Resources */,
				658A4A432C6AE43000E40C97 /* App */,
				65FB5EB42C62FB2200D86D80 /* Utils */,
				65065E512C67D0CD00789F92 /* Model */,
				654599B82C67F5AE00DEA1C6 /* ViewModel */,
				65065E2E2C67CEFA00789F92 /* Views */,
				657FAF462C42F34900E24F53 /* HomeTabContoller.swift */,
				65D4BAC42CABF218009D71FE /* FavoritesManager.swift */,
			);
			path = MovieMate;
			sourceTree = "<group>";
		};
		657FAF4A2C434AAF00E24F53 /* Popupar Movies */ = {
			isa = PBXGroup;
			children = (
				65065E562C67D17500789F92 /* PopularMoviesViewController.swift */,
				657FAF4C2C434F7100E24F53 /* Components */,
			);
			path = "Popupar Movies";
			sourceTree = "<group>";
		};
		657FAF4B2C434C7100E24F53 /* Favorites */ = {
			isa = PBXGroup;
			children = (
				65065E582C67D19B00789F92 /* FavoritesViewController.swift */,
				65B6340F2C4D3AA00035CA99 /* Components */,
			);
			path = Favorites;
			sourceTree = "<group>";
		};
		657FAF4C2C434F7100E24F53 /* Components */ = {
			isa = PBXGroup;
			children = (
				65065E5C2C67D22700789F92 /* PopularCollectionViewCell.swift */,
			);
			path = Components;
			sourceTree = "<group>";
		};
		658A4A432C6AE43000E40C97 /* App */ = {
			isa = PBXGroup;
			children = (
				6548E6FA2C42E4AF00B4A83A /* AppDelegate.swift */,
				6548E6FC2C42E4AF00B4A83A /* SceneDelegate.swift */,
			);
			path = App;
			sourceTree = "<group>";
		};
		658A4A442C6AE4B700E40C97 /* Resources */ = {
			isa = PBXGroup;
			children = (
				6548E7032C42E4B100B4A83A /* Assets.xcassets */,
				6548E7082C42E4B100B4A83A /* Info.plist */,
			);
			path = Resources;
			sourceTree = "<group>";
		};
		659E87B52C67E05800286ABF /* Service */ = {
			isa = PBXGroup;
			children = (
				659E87B62C67E06700286ABF /* Service.swift */,
			);
			path = Service;
			sourceTree = "<group>";
		};
		659E87B82C67E0AD00286ABF /* API */ = {
			isa = PBXGroup;
			children = (
				659E87B92C67E0C100286ABF /* APIManager.swift */,
				659E87B32C67DE0B00286ABF /* EndpointManager.swift */,
			);
			path = API;
			sourceTree = "<group>";
		};
		659E87BD2C67E61600286ABF /* EndPoint */ = {
			isa = PBXGroup;
			children = (
				659E87BE2C67E62200286ABF /* EndPoint.swift */,
			);
			path = EndPoint;
			sourceTree = "<group>";
		};
		65B6340F2C4D3AA00035CA99 /* Components */ = {
			isa = PBXGroup;
			children = (
				65065E5E2C67D24100789F92 /* FavoritesTableViewCell.swift */,
			);
			path = Components;
			sourceTree = "<group>";
		};
		65D1FE5C2C781B4D00A1EAFD /* Movie Details */ = {
			isa = PBXGroup;
			children = (
				65D1FE5D2C781B7200A1EAFD /* MovieDetailViewController.swift */,
				65D1FE5F2C7835AA00A1EAFD /* MovieDetailCell.swift */,
			);
			path = "Movie Details";
			sourceTree = "<group>";
		};
		65FB5EB12C5AAF7F00D86D80 /* Data */ = {
			isa = PBXGroup;
			children = (
				65FB5EB22C5AAFA200D86D80 /* PopularMovies.swift */,
				659E87BB2C67E19200286ABF /* MoviesError.swift */,
			);
			path = Data;
			sourceTree = "<group>";
		};
		65FB5EB42C62FB2200D86D80 /* Utils */ = {
			isa = PBXGroup;
			children = (
				65B634122C4D4CC80035CA99 /* Utils.swift */,
			);
			path = Utils;
			sourceTree = "<group>";
		};
/* End PBXGroup section */

/* Begin PBXNativeTarget section */
		6548E6F62C42E4AF00B4A83A /* MovieMate */ = {
			isa = PBXNativeTarget;
			buildConfigurationList = 6548E70B2C42E4B100B4A83A /* Build configuration list for PBXNativeTarget "MovieMate" */;
			buildPhases = (
				6548E6F32C42E4AF00B4A83A /* Sources */,
				6548E6F42C42E4AF00B4A83A /* Frameworks */,
				6548E6F52C42E4AF00B4A83A /* Resources */,
				654AFC442CA2BCC100737482 /* Embed Frameworks */,
			);
			buildRules = (
			);
			dependencies = (
			);
			name = MovieMate;
			packageProductDependencies = (
				654AFC3C2CA2BC3D00737482 /* SnapKit */,
				654AFC412CA2BC6400737482 /* Kingfisher */,
			);
			productName = MovieMate;
			productReference = 6548E6F72C42E4AF00B4A83A /* MovieMate.app */;
			productType = "com.apple.product-type.application";
		};
/* End PBXNativeTarget section */

/* Begin PBXProject section */
		6548E6EF2C42E4AF00B4A83A /* Project object */ = {
			isa = PBXProject;
			attributes = {
				BuildIndependentTargetsInParallel = 1;
				LastSwiftUpdateCheck = 1530;
				LastUpgradeCheck = 1530;
				TargetAttributes = {
					6548E6F62C42E4AF00B4A83A = {
						CreatedOnToolsVersion = 15.3;
					};
				};
			};
			buildConfigurationList = 6548E6F22C42E4AF00B4A83A /* Build configuration list for PBXProject "MovieMate" */;
			compatibilityVersion = "Xcode 14.0";
			developmentRegion = en;
			hasScannedForEncodings = 0;
			knownRegions = (
				en,
				Base,
			);
			mainGroup = 6548E6EE2C42E4AF00B4A83A;
			packageReferences = (
				654AFC3B2CA2BC3D00737482 /* XCRemoteSwiftPackageReference "SnapKit" */,
				654AFC402CA2BC6400737482 /* XCRemoteSwiftPackageReference "Kingfisher" */,
			);
			productRefGroup = 6548E6F82C42E4AF00B4A83A /* Products */;
			projectDirPath = "";
			projectRoot = "";
			targets = (
				6548E6F62C42E4AF00B4A83A /* MovieMate */,
			);
		};
/* End PBXProject section */

/* Begin PBXResourcesBuildPhase section */
		6548E6F52C42E4AF00B4A83A /* Resources */ = {
			isa = PBXResourcesBuildPhase;
			buildActionMask = 2147483647;
			files = (
				6548E7042C42E4B100B4A83A /* Assets.xcassets in Resources */,
			);
			runOnlyForDeploymentPostprocessing = 0;
		};
/* End PBXResourcesBuildPhase section */

/* Begin PBXSourcesBuildPhase section */
		6548E6F32C42E4AF00B4A83A /* Sources */ = {
			isa = PBXSourcesBuildPhase;
			buildActionMask = 2147483647;
			files = (
				659E87BA2C67E0C100286ABF /* APIManager.swift in Sources */,
				6548E6FB2C42E4AF00B4A83A /* AppDelegate.swift in Sources */,
				65D1FE602C7835AA00A1EAFD /* MovieDetailCell.swift in Sources */,
				654599BA2C67F5C900DEA1C6 /* PopularMoviesViewModel.swift in Sources */,
				65065E5F2C67D24100789F92 /* FavoritesTableViewCell.swift in Sources */,
				659E87B42C67DE0B00286ABF /* EndpointManager.swift in Sources */,
				65065E592C67D19B00789F92 /* FavoritesViewController.swift in Sources */,
				65D4BAC52CABF218009D71FE /* FavoritesManager.swift in Sources */,
				6548E6FD2C42E4AF00B4A83A /* SceneDelegate.swift in Sources */,
				65FB5EB32C5AAFA200D86D80 /* PopularMovies.swift in Sources */,
				657FAF472C42F34900E24F53 /* HomeTabContoller.swift in Sources */,
				65065E5D2C67D22700789F92 /* PopularCollectionViewCell.swift in Sources */,
				659E87B72C67E06700286ABF /* Service.swift in Sources */,
				659E87BC2C67E19200286ABF /* MoviesError.swift in Sources */,
				65D1FE5E2C781B7200A1EAFD /* MovieDetailViewController.swift in Sources */,
				65065E572C67D17500789F92 /* PopularMoviesViewController.swift in Sources */,
				659E87BF2C67E62200286ABF /* EndPoint.swift in Sources */,
				65B634132C4D4CC80035CA99 /* Utils.swift in Sources */,
			);
			runOnlyForDeploymentPostprocessing = 0;
		};
/* End PBXSourcesBuildPhase section */

/* Begin XCBuildConfiguration section */
		6548E7092C42E4B100B4A83A /* Debug */ = {
			isa = XCBuildConfiguration;
			buildSettings = {
				ALWAYS_SEARCH_USER_PATHS = NO;
				ASSETCATALOG_COMPILER_GENERATE_SWIFT_ASSET_SYMBOL_EXTENSIONS = YES;
				CLANG_ANALYZER_NONNULL = YES;
				CLANG_ANALYZER_NUMBER_OBJECT_CONVERSION = YES_AGGRESSIVE;
				CLANG_CXX_LANGUAGE_STANDARD = "gnu++20";
				CLANG_ENABLE_MODULES = YES;
				CLANG_ENABLE_OBJC_ARC = YES;
				CLANG_ENABLE_OBJC_WEAK = YES;
				CLANG_WARN_BLOCK_CAPTURE_AUTORELEASING = YES;
				CLANG_WARN_BOOL_CONVERSION = YES;
				CLANG_WARN_COMMA = YES;
				CLANG_WARN_CONSTANT_CONVERSION = YES;
				CLANG_WARN_DEPRECATED_OBJC_IMPLEMENTATIONS = YES;
				CLANG_WARN_DIRECT_OBJC_ISA_USAGE = YES_ERROR;
				CLANG_WARN_DOCUMENTATION_COMMENTS = YES;
				CLANG_WARN_EMPTY_BODY = YES;
				CLANG_WARN_ENUM_CONVERSION = YES;
				CLANG_WARN_INFINITE_RECURSION = YES;
				CLANG_WARN_INT_CONVERSION = YES;
				CLANG_WARN_NON_LITERAL_NULL_CONVERSION = YES;
				CLANG_WARN_OBJC_IMPLICIT_RETAIN_SELF = YES;
				CLANG_WARN_OBJC_LITERAL_CONVERSION = YES;
				CLANG_WARN_OBJC_ROOT_CLASS = YES_ERROR;
				CLANG_WARN_QUOTED_INCLUDE_IN_FRAMEWORK_HEADER = YES;
				CLANG_WARN_RANGE_LOOP_ANALYSIS = YES;
				CLANG_WARN_STRICT_PROTOTYPES = YES;
				CLANG_WARN_SUSPICIOUS_MOVE = YES;
				CLANG_WARN_UNGUARDED_AVAILABILITY = YES_AGGRESSIVE;
				CLANG_WARN_UNREACHABLE_CODE = YES;
				CLANG_WARN__DUPLICATE_METHOD_MATCH = YES;
				COPY_PHASE_STRIP = NO;
				DEBUG_INFORMATION_FORMAT = dwarf;
				ENABLE_STRICT_OBJC_MSGSEND = YES;
				ENABLE_TESTABILITY = YES;
				ENABLE_USER_SCRIPT_SANDBOXING = YES;
				GCC_C_LANGUAGE_STANDARD = gnu17;
				GCC_DYNAMIC_NO_PIC = NO;
				GCC_NO_COMMON_BLOCKS = YES;
				GCC_OPTIMIZATION_LEVEL = 0;
				GCC_PREPROCESSOR_DEFINITIONS = (
					"DEBUG=1",
					"$(inherited)",
				);
				GCC_WARN_64_TO_32_BIT_CONVERSION = YES;
				GCC_WARN_ABOUT_RETURN_TYPE = YES_ERROR;
				GCC_WARN_UNDECLARED_SELECTOR = YES;
				GCC_WARN_UNINITIALIZED_AUTOS = YES_AGGRESSIVE;
				GCC_WARN_UNUSED_FUNCTION = YES;
				GCC_WARN_UNUSED_VARIABLE = YES;
				IPHONEOS_DEPLOYMENT_TARGET = 15.0;
				LOCALIZATION_PREFERS_STRING_CATALOGS = YES;
				MTL_ENABLE_DEBUG_INFO = INCLUDE_SOURCE;
				MTL_FAST_MATH = YES;
				ONLY_ACTIVE_ARCH = YES;
				SDKROOT = iphoneos;
				SWIFT_ACTIVE_COMPILATION_CONDITIONS = "DEBUG $(inherited)";
				SWIFT_OPTIMIZATION_LEVEL = "-Onone";
			};
			name = Debug;
		};
		6548E70A2C42E4B100B4A83A /* Release */ = {
			isa = XCBuildConfiguration;
			buildSettings = {
				ALWAYS_SEARCH_USER_PATHS = NO;
				ASSETCATALOG_COMPILER_GENERATE_SWIFT_ASSET_SYMBOL_EXTENSIONS = YES;
				CLANG_ANALYZER_NONNULL = YES;
				CLANG_ANALYZER_NUMBER_OBJECT_CONVERSION = YES_AGGRESSIVE;
				CLANG_CXX_LANGUAGE_STANDARD = "gnu++20";
				CLANG_ENABLE_MODULES = YES;
				CLANG_ENABLE_OBJC_ARC = YES;
				CLANG_ENABLE_OBJC_WEAK = YES;
				CLANG_WARN_BLOCK_CAPTURE_AUTORELEASING = YES;
				CLANG_WARN_BOOL_CONVERSION = YES;
				CLANG_WARN_COMMA = YES;
				CLANG_WARN_CONSTANT_CONVERSION = YES;
				CLANG_WARN_DEPRECATED_OBJC_IMPLEMENTATIONS = YES;
				CLANG_WARN_DIRECT_OBJC_ISA_USAGE = YES_ERROR;
				CLANG_WARN_DOCUMENTATION_COMMENTS = YES;
				CLANG_WARN_EMPTY_BODY = YES;
				CLANG_WARN_ENUM_CONVERSION = YES;
				CLANG_WARN_INFINITE_RECURSION = YES;
				CLANG_WARN_INT_CONVERSION = YES;
				CLANG_WARN_NON_LITERAL_NULL_CONVERSION = YES;
				CLANG_WARN_OBJC_IMPLICIT_RETAIN_SELF = YES;
				CLANG_WARN_OBJC_LITERAL_CONVERSION = YES;
				CLANG_WARN_OBJC_ROOT_CLASS = YES_ERROR;
				CLANG_WARN_QUOTED_INCLUDE_IN_FRAMEWORK_HEADER = YES;
				CLANG_WARN_RANGE_LOOP_ANALYSIS = YES;
				CLANG_WARN_STRICT_PROTOTYPES = YES;
				CLANG_WARN_SUSPICIOUS_MOVE = YES;
				CLANG_WARN_UNGUARDED_AVAILABILITY = YES_AGGRESSIVE;
				CLANG_WARN_UNREACHABLE_CODE = YES;
				CLANG_WARN__DUPLICATE_METHOD_MATCH = YES;
				COPY_PHASE_STRIP = NO;
				DEBUG_INFORMATION_FORMAT = "dwarf-with-dsym";
				ENABLE_NS_ASSERTIONS = NO;
				ENABLE_STRICT_OBJC_MSGSEND = YES;
				ENABLE_USER_SCRIPT_SANDBOXING = YES;
				GCC_C_LANGUAGE_STANDARD = gnu17;
				GCC_NO_COMMON_BLOCKS = YES;
				GCC_WARN_64_TO_32_BIT_CONVERSION = YES;
				GCC_WARN_ABOUT_RETURN_TYPE = YES_ERROR;
				GCC_WARN_UNDECLARED_SELECTOR = YES;
				GCC_WARN_UNINITIALIZED_AUTOS = YES_AGGRESSIVE;
				GCC_WARN_UNUSED_FUNCTION = YES;
				GCC_WARN_UNUSED_VARIABLE = YES;
				IPHONEOS_DEPLOYMENT_TARGET = 15.0;
				LOCALIZATION_PREFERS_STRING_CATALOGS = YES;
				MTL_ENABLE_DEBUG_INFO = NO;
				MTL_FAST_MATH = YES;
				SDKROOT = iphoneos;
				SWIFT_COMPILATION_MODE = wholemodule;
				VALIDATE_PRODUCT = YES;
			};
			name = Release;
		};
		6548E70C2C42E4B100B4A83A /* Debug */ = {
			isa = XCBuildConfiguration;
			buildSettings = {
				ASSETCATALOG_COMPILER_APPICON_NAME = AppIcon;
				ASSETCATALOG_COMPILER_GLOBAL_ACCENT_COLOR_NAME = AccentColor;
				CODE_SIGN_STYLE = Automatic;
				CURRENT_PROJECT_VERSION = 1;
				GENERATE_INFOPLIST_FILE = YES;
				INFOPLIST_FILE = MovieMate/Resources/Info.plist;
				INFOPLIST_KEY_LSApplicationCategoryType = "public.app-category.entertainment";
				INFOPLIST_KEY_UIApplicationSupportsIndirectInputEvents = YES;
				INFOPLIST_KEY_UILaunchStoryboardName = LaunchScreen;
				INFOPLIST_KEY_UIMainStoryboardFile = "";
				INFOPLIST_KEY_UISupportedInterfaceOrientations = UIInterfaceOrientationPortrait;
				INFOPLIST_KEY_UISupportedInterfaceOrientations_iPad = "UIInterfaceOrientationLandscapeLeft UIInterfaceOrientationLandscapeRight UIInterfaceOrientationPortrait UIInterfaceOrientationPortraitUpsideDown";
				IPHONEOS_DEPLOYMENT_TARGET = 15.0;
				LD_RUNPATH_SEARCH_PATHS = (
					"$(inherited)",
					"@executable_path/Frameworks",
				);
				MARKETING_VERSION = 1.0;
				PRODUCT_BUNDLE_IDENTIFIER = br.com.silvafredson.MovieMate;
				PRODUCT_NAME = "$(TARGET_NAME)";
				SUPPORTED_PLATFORMS = "iphoneos iphonesimulator";
				SUPPORTS_MACCATALYST = NO;
				SUPPORTS_MAC_DESIGNED_FOR_IPHONE_IPAD = NO;
				SUPPORTS_XR_DESIGNED_FOR_IPHONE_IPAD = NO;
				SWIFT_EMIT_LOC_STRINGS = YES;
				SWIFT_VERSION = 5.0;
				TARGETED_DEVICE_FAMILY = 1;
			};
			name = Debug;
		};
		6548E70D2C42E4B100B4A83A /* Release */ = {
			isa = XCBuildConfiguration;
			buildSettings = {
				ASSETCATALOG_COMPILER_APPICON_NAME = AppIcon;
				ASSETCATALOG_COMPILER_GLOBAL_ACCENT_COLOR_NAME = AccentColor;
				CODE_SIGN_STYLE = Automatic;
				CURRENT_PROJECT_VERSION = 1;
				GENERATE_INFOPLIST_FILE = YES;
				INFOPLIST_FILE = MovieMate/Resources/Info.plist;
				INFOPLIST_KEY_LSApplicationCategoryType = "public.app-category.entertainment";
				INFOPLIST_KEY_UIApplicationSupportsIndirectInputEvents = YES;
				INFOPLIST_KEY_UILaunchStoryboardName = LaunchScreen;
				INFOPLIST_KEY_UIMainStoryboardFile = "";
				INFOPLIST_KEY_UISupportedInterfaceOrientations = UIInterfaceOrientationPortrait;
				INFOPLIST_KEY_UISupportedInterfaceOrientations_iPad = "UIInterfaceOrientationLandscapeLeft UIInterfaceOrientationLandscapeRight UIInterfaceOrientationPortrait UIInterfaceOrientationPortraitUpsideDown";
				IPHONEOS_DEPLOYMENT_TARGET = 15.0;
				LD_RUNPATH_SEARCH_PATHS = (
					"$(inherited)",
					"@executable_path/Frameworks",
				);
				MARKETING_VERSION = 1.0;
				PRODUCT_BUNDLE_IDENTIFIER = br.com.silvafredson.MovieMate;
				PRODUCT_NAME = "$(TARGET_NAME)";
				SUPPORTED_PLATFORMS = "iphoneos iphonesimulator";
				SUPPORTS_MACCATALYST = NO;
				SUPPORTS_MAC_DESIGNED_FOR_IPHONE_IPAD = NO;
				SUPPORTS_XR_DESIGNED_FOR_IPHONE_IPAD = NO;
				SWIFT_EMIT_LOC_STRINGS = YES;
				SWIFT_VERSION = 5.0;
				TARGETED_DEVICE_FAMILY = 1;
			};
			name = Release;
		};
/* End XCBuildConfiguration section */

/* Begin XCConfigurationList section */
		6548E6F22C42E4AF00B4A83A /* Build configuration list for PBXProject "MovieMate" */ = {
			isa = XCConfigurationList;
			buildConfigurations = (
				6548E7092C42E4B100B4A83A /* Debug */,
				6548E70A2C42E4B100B4A83A /* Release */,
			);
			defaultConfigurationIsVisible = 0;
			defaultConfigurationName = Release;
		};
		6548E70B2C42E4B100B4A83A /* Build configuration list for PBXNativeTarget "MovieMate" */ = {
			isa = XCConfigurationList;
			buildConfigurations = (
				6548E70C2C42E4B100B4A83A /* Debug */,
				6548E70D2C42E4B100B4A83A /* Release */,
			);
			defaultConfigurationIsVisible = 0;
			defaultConfigurationName = Release;
		};
/* End XCConfigurationList section */

/* Begin XCRemoteSwiftPackageReference section */
		654AFC3B2CA2BC3D00737482 /* XCRemoteSwiftPackageReference "SnapKit" */ = {
			isa = XCRemoteSwiftPackageReference;
			repositoryURL = "https://github.com/SnapKit/SnapKit.git";
			requirement = {
				kind = upToNextMajorVersion;
				minimumVersion = 5.7.1;
			};
		};
		654AFC402CA2BC6400737482 /* XCRemoteSwiftPackageReference "Kingfisher" */ = {
			isa = XCRemoteSwiftPackageReference;
			repositoryURL = "https://github.com/onevcat/Kingfisher";
			requirement = {
				kind = upToNextMajorVersion;
				minimumVersion = 8.0.3;
			};
		};
/* End XCRemoteSwiftPackageReference section */

/* Begin XCSwiftPackageProductDependency section */
		654AFC3C2CA2BC3D00737482 /* SnapKit */ = {
			isa = XCSwiftPackageProductDependency;
			package = 654AFC3B2CA2BC3D00737482 /* XCRemoteSwiftPackageReference "SnapKit" */;
			productName = SnapKit;
		};
		654AFC412CA2BC6400737482 /* Kingfisher */ = {
			isa = XCSwiftPackageProductDependency;
			package = 654AFC402CA2BC6400737482 /* XCRemoteSwiftPackageReference "Kingfisher" */;
			productName = Kingfisher;
		};
/* End XCSwiftPackageProductDependency section */
	};
	rootObject = 6548E6EF2C42E4AF00B4A83A /* Project object */;
}
