// !$*UTF8*$!
{
	archiveVersion = 1;
	classes = {
	};
	objectVersion = 56;
	objects = {

/* Begin PBXBuildFile section */
		6548E6FB2C42E4AF00B4A83A /* AppDelegate.swift in Sources */ = {isa = PBXBuildFile; fileRef = 6548E6FA2C42E4AF00B4A83A /* AppDelegate.swift */; };
		6548E6FD2C42E4AF00B4A83A /* SceneDelegate.swift in Sources */ = {isa = PBXBuildFile; fileRef = 6548E6FC2C42E4AF00B4A83A /* SceneDelegate.swift */; };
		6548E6FF2C42E4AF00B4A83A /* PopularMoviesViewController.swift in Sources */ = {isa = PBXBuildFile; fileRef = 6548E6FE2C42E4AF00B4A83A /* PopularMoviesViewController.swift */; };
		6548E7042C42E4B100B4A83A /* Assets.xcassets in Resources */ = {isa = PBXBuildFile; fileRef = 6548E7032C42E4B100B4A83A /* Assets.xcassets */; };
		657FAF472C42F34900E24F53 /* HomeTabContoller.swift in Sources */ = {isa = PBXBuildFile; fileRef = 657FAF462C42F34900E24F53 /* HomeTabContoller.swift */; };
		657FAF492C42F48600E24F53 /* FavoritesViewController.swift in Sources */ = {isa = PBXBuildFile; fileRef = 657FAF482C42F48600E24F53 /* FavoritesViewController.swift */; };
		657FAF4E2C434F9900E24F53 /* PopularCollectionViewCell.swift in Sources */ = {isa = PBXBuildFile; fileRef = 657FAF4D2C434F9900E24F53 /* PopularCollectionViewCell.swift */; };
		657FAF512C43534300E24F53 /* SnapKit in Frameworks */ = {isa = PBXBuildFile; productRef = 657FAF502C43534300E24F53 /* SnapKit */; };
		657FAF532C43534300E24F53 /* SnapKit-Dynamic in Frameworks */ = {isa = PBXBuildFile; productRef = 657FAF522C43534300E24F53 /* SnapKit-Dynamic */; };
		657FAF562C4358A600E24F53 /* Kingfisher in Frameworks */ = {isa = PBXBuildFile; productRef = 657FAF552C4358A600E24F53 /* Kingfisher */; };
		65B634112C4D3ACA0035CA99 /* NoFavoriteCollectionViewCell.swift in Sources */ = {isa = PBXBuildFile; fileRef = 65B634102C4D3ACA0035CA99 /* NoFavoriteCollectionViewCell.swift */; };
		65B634132C4D4CC80035CA99 /* Padding.swift in Sources */ = {isa = PBXBuildFile; fileRef = 65B634122C4D4CC80035CA99 /* Padding.swift */; };
/* End PBXBuildFile section */

/* Begin PBXFileReference section */
		6548E6F72C42E4AF00B4A83A /* MovieMate.app */ = {isa = PBXFileReference; explicitFileType = wrapper.application; includeInIndex = 0; path = MovieMate.app; sourceTree = BUILT_PRODUCTS_DIR; };
		6548E6FA2C42E4AF00B4A83A /* AppDelegate.swift */ = {isa = PBXFileReference; lastKnownFileType = sourcecode.swift; path = AppDelegate.swift; sourceTree = "<group>"; };
		6548E6FC2C42E4AF00B4A83A /* SceneDelegate.swift */ = {isa = PBXFileReference; lastKnownFileType = sourcecode.swift; path = SceneDelegate.swift; sourceTree = "<group>"; };
		6548E6FE2C42E4AF00B4A83A /* PopularMoviesViewController.swift */ = {isa = PBXFileReference; lastKnownFileType = sourcecode.swift; path = PopularMoviesViewController.swift; sourceTree = "<group>"; };
		6548E7032C42E4B100B4A83A /* Assets.xcassets */ = {isa = PBXFileReference; lastKnownFileType = folder.assetcatalog; path = Assets.xcassets; sourceTree = "<group>"; };
		6548E7082C42E4B100B4A83A /* Info.plist */ = {isa = PBXFileReference; lastKnownFileType = text.plist.xml; path = Info.plist; sourceTree = "<group>"; };
		657FAF462C42F34900E24F53 /* HomeTabContoller.swift */ = {isa = PBXFileReference; lastKnownFileType = sourcecode.swift; path = HomeTabContoller.swift; sourceTree = "<group>"; };
		657FAF482C42F48600E24F53 /* FavoritesViewController.swift */ = {isa = PBXFileReference; lastKnownFileType = sourcecode.swift; path = FavoritesViewController.swift; sourceTree = "<group>"; };
		657FAF4D2C434F9900E24F53 /* PopularCollectionViewCell.swift */ = {isa = PBXFileReference; lastKnownFileType = sourcecode.swift; path = PopularCollectionViewCell.swift; sourceTree = "<group>"; };
		65B634102C4D3ACA0035CA99 /* NoFavoriteCollectionViewCell.swift */ = {isa = PBXFileReference; lastKnownFileType = sourcecode.swift; path = NoFavoriteCollectionViewCell.swift; sourceTree = "<group>"; };
		65B634122C4D4CC80035CA99 /* Padding.swift */ = {isa = PBXFileReference; lastKnownFileType = sourcecode.swift; path = Padding.swift; sourceTree = "<group>"; };
/* End PBXFileReference section */

/* Begin PBXFrameworksBuildPhase section */
		6548E6F42C42E4AF00B4A83A /* Frameworks */ = {
			isa = PBXFrameworksBuildPhase;
			buildActionMask = 2147483647;
			files = (
				657FAF562C4358A600E24F53 /* Kingfisher in Frameworks */,
				657FAF512C43534300E24F53 /* SnapKit in Frameworks */,
				657FAF532C43534300E24F53 /* SnapKit-Dynamic in Frameworks */,
			);
			runOnlyForDeploymentPostprocessing = 0;
		};
/* End PBXFrameworksBuildPhase section */

/* Begin PBXGroup section */
		6548E6EE2C42E4AF00B4A83A = {
			isa = PBXGroup;
			children = (
				6548E6F92C42E4AF00B4A83A /* MovieMate */,
				6548E6F82C42E4AF00B4A83A /* Products */,
			);
			sourceTree = "<group>";
		};
		6548E6F82C42E4AF00B4A83A /* Products */ = {
			isa = PBXGroup;
			children = (
				6548E6F72C42E4AF00B4A83A /* MovieMate.app */,
			);
			name = Products;
			sourceTree = "<group>";
		};
		6548E6F92C42E4AF00B4A83A /* MovieMate */ = {
			isa = PBXGroup;
			children = (
				657FAF4B2C434C7100E24F53 /* Favorites */,
				657FAF4A2C434AAF00E24F53 /* Popupar Movies */,
				6548E6FA2C42E4AF00B4A83A /* AppDelegate.swift */,
				6548E6FC2C42E4AF00B4A83A /* SceneDelegate.swift */,
				657FAF462C42F34900E24F53 /* HomeTabContoller.swift */,
				6548E7032C42E4B100B4A83A /* Assets.xcassets */,
				6548E7082C42E4B100B4A83A /* Info.plist */,
				65B634122C4D4CC80035CA99 /* Padding.swift */,
			);
			path = MovieMate;
			sourceTree = "<group>";
		};
		657FAF4A2C434AAF00E24F53 /* Popupar Movies */ = {
			isa = PBXGroup;
			children = (
				657FAF4C2C434F7100E24F53 /* Components */,
				6548E6FE2C42E4AF00B4A83A /* PopularMoviesViewController.swift */,
			);
			path = "Popupar Movies";
			sourceTree = "<group>";
		};
		657FAF4B2C434C7100E24F53 /* Favorites */ = {
			isa = PBXGroup;
			children = (
				65B6340F2C4D3AA00035CA99 /* Components */,
				657FAF482C42F48600E24F53 /* FavoritesViewController.swift */,
			);
			path = Favorites;
			sourceTree = "<group>";
		};
		657FAF4C2C434F7100E24F53 /* Components */ = {
			isa = PBXGroup;
			children = (
				657FAF4D2C434F9900E24F53 /* PopularCollectionViewCell.swift */,
			);
			path = Components;
			sourceTree = "<group>";
		};
		65B6340F2C4D3AA00035CA99 /* Components */ = {
			isa = PBXGroup;
			children = (
				65B634102C4D3ACA0035CA99 /* NoFavoriteCollectionViewCell.swift */,
			);
			path = Components;
			sourceTree = "<group>";
		};
/* End PBXGroup section */

/* Begin PBXNativeTarget section */
		6548E6F62C42E4AF00B4A83A /* MovieMate */ = {
			isa = PBXNativeTarget;
			buildConfigurationList = 6548E70B2C42E4B100B4A83A /* Build configuration list for PBXNativeTarget "MovieMate" */;
			buildPhases = (
				6548E6F32C42E4AF00B4A83A /* Sources */,
				6548E6F42C42E4AF00B4A83A /* Frameworks */,
				6548E6F52C42E4AF00B4A83A /* Resources */,
			);
			buildRules = (
			);
			dependencies = (
			);
			name = MovieMate;
			packageProductDependencies = (
				657FAF502C43534300E24F53 /* SnapKit */,
				657FAF522C43534300E24F53 /* SnapKit-Dynamic */,
				657FAF552C4358A600E24F53 /* Kingfisher */,
			);
			productName = MovieMate;
			productReference = 6548E6F72C42E4AF00B4A83A /* MovieMate.app */;
			productType = "com.apple.product-type.application";
		};
/* End PBXNativeTarget section */

/* Begin PBXProject section */
		6548E6EF2C42E4AF00B4A83A /* Project object */ = {
			isa = PBXProject;
			attributes = {
				BuildIndependentTargetsInParallel = 1;
				LastSwiftUpdateCheck = 1530;
				LastUpgradeCheck = 1530;
				TargetAttributes = {
					6548E6F62C42E4AF00B4A83A = {
						CreatedOnToolsVersion = 15.3;
					};
				};
			};
			buildConfigurationList = 6548E6F22C42E4AF00B4A83A /* Build configuration list for PBXProject "MovieMate" */;
			compatibilityVersion = "Xcode 14.0";
			developmentRegion = en;
			hasScannedForEncodings = 0;
			knownRegions = (
				en,
				Base,
			);
			mainGroup = 6548E6EE2C42E4AF00B4A83A;
			packageReferences = (
				657FAF4F2C43534300E24F53 /* XCRemoteSwiftPackageReference "SnapKit" */,
				657FAF542C4358A600E24F53 /* XCRemoteSwiftPackageReference "Kingfisher" */,
			);
			productRefGroup = 6548E6F82C42E4AF00B4A83A /* Products */;
			projectDirPath = "";
			projectRoot = "";
			targets = (
				6548E6F62C42E4AF00B4A83A /* MovieMate */,
			);
		};
/* End PBXProject section */

/* Begin PBXResourcesBuildPhase section */
		6548E6F52C42E4AF00B4A83A /* Resources */ = {
			isa = PBXResourcesBuildPhase;
			buildActionMask = 2147483647;
			files = (
				6548E7042C42E4B100B4A83A /* Assets.xcassets in Resources */,
			);
			runOnlyForDeploymentPostprocessing = 0;
		};
/* End PBXResourcesBuildPhase section */

/* Begin PBXSourcesBuildPhase section */
		6548E6F32C42E4AF00B4A83A /* Sources */ = {
			isa = PBXSourcesBuildPhase;
			buildActionMask = 2147483647;
			files = (
				657FAF4E2C434F9900E24F53 /* PopularCollectionViewCell.swift in Sources */,
				65B634112C4D3ACA0035CA99 /* NoFavoriteCollectionViewCell.swift in Sources */,
				6548E6FF2C42E4AF00B4A83A /* PopularMoviesViewController.swift in Sources */,
				6548E6FB2C42E4AF00B4A83A /* AppDelegate.swift in Sources */,
				6548E6FD2C42E4AF00B4A83A /* SceneDelegate.swift in Sources */,
				657FAF472C42F34900E24F53 /* HomeTabContoller.swift in Sources */,
				657FAF492C42F48600E24F53 /* FavoritesViewController.swift in Sources */,
				65B634132C4D4CC80035CA99 /* Padding.swift in Sources */,
			);
			runOnlyForDeploymentPostprocessing = 0;
		};
/* End PBXSourcesBuildPhase section */

/* Begin XCBuildConfiguration section */
		6548E7092C42E4B100B4A83A /* Debug */ = {
			isa = XCBuildConfiguration;
			buildSettings = {
				ALWAYS_SEARCH_USER_PATHS = NO;
				ASSETCATALOG_COMPILER_GENERATE_SWIFT_ASSET_SYMBOL_EXTENSIONS = YES;
				CLANG_ANALYZER_NONNULL = YES;
				CLANG_ANALYZER_NUMBER_OBJECT_CONVERSION = YES_AGGRESSIVE;
				CLANG_CXX_LANGUAGE_STANDARD = "gnu++20";
				CLANG_ENABLE_MODULES = YES;
				CLANG_ENABLE_OBJC_ARC = YES;
				CLANG_ENABLE_OBJC_WEAK = YES;
				CLANG_WARN_BLOCK_CAPTURE_AUTORELEASING = YES;
				CLANG_WARN_BOOL_CONVERSION = YES;
				CLANG_WARN_COMMA = YES;
				CLANG_WARN_CONSTANT_CONVERSION = YES;
				CLANG_WARN_DEPRECATED_OBJC_IMPLEMENTATIONS = YES;
				CLANG_WARN_DIRECT_OBJC_ISA_USAGE = YES_ERROR;
				CLANG_WARN_DOCUMENTATION_COMMENTS = YES;
				CLANG_WARN_EMPTY_BODY = YES;
				CLANG_WARN_ENUM_CONVERSION = YES;
				CLANG_WARN_INFINITE_RECURSION = YES;
				CLANG_WARN_INT_CONVERSION = YES;
				CLANG_WARN_NON_LITERAL_NULL_CONVERSION = YES;
				CLANG_WARN_OBJC_IMPLICIT_RETAIN_SELF = YES;
				CLANG_WARN_OBJC_LITERAL_CONVERSION = YES;
				CLANG_WARN_OBJC_ROOT_CLASS = YES_ERROR;
				CLANG_WARN_QUOTED_INCLUDE_IN_FRAMEWORK_HEADER = YES;
				CLANG_WARN_RANGE_LOOP_ANALYSIS = YES;
				CLANG_WARN_STRICT_PROTOTYPES = YES;
				CLANG_WARN_SUSPICIOUS_MOVE = YES;
				CLANG_WARN_UNGUARDED_AVAILABILITY = YES_AGGRESSIVE;
				CLANG_WARN_UNREACHABLE_CODE = YES;
				CLANG_WARN__DUPLICATE_METHOD_MATCH = YES;
				COPY_PHASE_STRIP = NO;
				DEBUG_INFORMATION_FORMAT = dwarf;
				ENABLE_STRICT_OBJC_MSGSEND = YES;
				ENABLE_TESTABILITY = YES;
				ENABLE_USER_SCRIPT_SANDBOXING = YES;
				GCC_C_LANGUAGE_STANDARD = gnu17;
				GCC_DYNAMIC_NO_PIC = NO;
				GCC_NO_COMMON_BLOCKS = YES;
				GCC_OPTIMIZATION_LEVEL = 0;
				GCC_PREPROCESSOR_DEFINITIONS = (
					"DEBUG=1",
					"$(inherited)",
				);
				GCC_WARN_64_TO_32_BIT_CONVERSION = YES;
				GCC_WARN_ABOUT_RETURN_TYPE = YES_ERROR;
				GCC_WARN_UNDECLARED_SELECTOR = YES;
				GCC_WARN_UNINITIALIZED_AUTOS = YES_AGGRESSIVE;
				GCC_WARN_UNUSED_FUNCTION = YES;
				GCC_WARN_UNUSED_VARIABLE = YES;
				IPHONEOS_DEPLOYMENT_TARGET = 15.0;
				LOCALIZATION_PREFERS_STRING_CATALOGS = YES;
				MTL_ENABLE_DEBUG_INFO = INCLUDE_SOURCE;
				MTL_FAST_MATH = YES;
				ONLY_ACTIVE_ARCH = YES;
				SDKROOT = iphoneos;
				SWIFT_ACTIVE_COMPILATION_CONDITIONS = "DEBUG $(inherited)";
				SWIFT_OPTIMIZATION_LEVEL = "-Onone";
			};
			name = Debug;
		};
		6548E70A2C42E4B100B4A83A /* Release */ = {
			isa = XCBuildConfiguration;
			buildSettings = {
				ALWAYS_SEARCH_USER_PATHS = NO;
				ASSETCATALOG_COMPILER_GENERATE_SWIFT_ASSET_SYMBOL_EXTENSIONS = YES;
				CLANG_ANALYZER_NONNULL = YES;
				CLANG_ANALYZER_NUMBER_OBJECT_CONVERSION = YES_AGGRESSIVE;
				CLANG_CXX_LANGUAGE_STANDARD = "gnu++20";
				CLANG_ENABLE_MODULES = YES;
				CLANG_ENABLE_OBJC_ARC = YES;
				CLANG_ENABLE_OBJC_WEAK = YES;
				CLANG_WARN_BLOCK_CAPTURE_AUTORELEASING = YES;
				CLANG_WARN_BOOL_CONVERSION = YES;
				CLANG_WARN_COMMA = YES;
				CLANG_WARN_CONSTANT_CONVERSION = YES;
				CLANG_WARN_DEPRECATED_OBJC_IMPLEMENTATIONS = YES;
				CLANG_WARN_DIRECT_OBJC_ISA_USAGE = YES_ERROR;
				CLANG_WARN_DOCUMENTATION_COMMENTS = YES;
				CLANG_WARN_EMPTY_BODY = YES;
				CLANG_WARN_ENUM_CONVERSION = YES;
				CLANG_WARN_INFINITE_RECURSION = YES;
				CLANG_WARN_INT_CONVERSION = YES;
				CLANG_WARN_NON_LITERAL_NULL_CONVERSION = YES;
				CLANG_WARN_OBJC_IMPLICIT_RETAIN_SELF = YES;
				CLANG_WARN_OBJC_LITERAL_CONVERSION = YES;
				CLANG_WARN_OBJC_ROOT_CLASS = YES_ERROR;
				CLANG_WARN_QUOTED_INCLUDE_IN_FRAMEWORK_HEADER = YES;
				CLANG_WARN_RANGE_LOOP_ANALYSIS = YES;
				CLANG_WARN_STRICT_PROTOTYPES = YES;
				CLANG_WARN_SUSPICIOUS_MOVE = YES;
				CLANG_WARN_UNGUARDED_AVAILABILITY = YES_AGGRESSIVE;
				CLANG_WARN_UNREACHABLE_CODE = YES;
				CLANG_WARN__DUPLICATE_METHOD_MATCH = YES;
				COPY_PHASE_STRIP = NO;
				DEBUG_INFORMATION_FORMAT = "dwarf-with-dsym";
				ENABLE_NS_ASSERTIONS = NO;
				ENABLE_STRICT_OBJC_MSGSEND = YES;
				ENABLE_USER_SCRIPT_SANDBOXING = YES;
				GCC_C_LANGUAGE_STANDARD = gnu17;
				GCC_NO_COMMON_BLOCKS = YES;
				GCC_WARN_64_TO_32_BIT_CONVERSION = YES;
				GCC_WARN_ABOUT_RETURN_TYPE = YES_ERROR;
				GCC_WARN_UNDECLARED_SELECTOR = YES;
				GCC_WARN_UNINITIALIZED_AUTOS = YES_AGGRESSIVE;
				GCC_WARN_UNUSED_FUNCTION = YES;
				GCC_WARN_UNUSED_VARIABLE = YES;
				IPHONEOS_DEPLOYMENT_TARGET = 15.0;
				LOCALIZATION_PREFERS_STRING_CATALOGS = YES;
				MTL_ENABLE_DEBUG_INFO = NO;
				MTL_FAST_MATH = YES;
				SDKROOT = iphoneos;
				SWIFT_COMPILATION_MODE = wholemodule;
				VALIDATE_PRODUCT = YES;
			};
			name = Release;
		};
		6548E70C2C42E4B100B4A83A /* Debug */ = {
			isa = XCBuildConfiguration;
			buildSettings = {
				ASSETCATALOG_COMPILER_APPICON_NAME = AppIcon;
				ASSETCATALOG_COMPILER_GLOBAL_ACCENT_COLOR_NAME = AccentColor;
				CODE_SIGN_STYLE = Automatic;
				CURRENT_PROJECT_VERSION = 1;
				GENERATE_INFOPLIST_FILE = YES;
				INFOPLIST_FILE = MovieMate/Info.plist;
				INFOPLIST_KEY_LSApplicationCategoryType = "public.app-category.entertainment";
				INFOPLIST_KEY_UIApplicationSupportsIndirectInputEvents = YES;
				INFOPLIST_KEY_UILaunchStoryboardName = LaunchScreen;
				INFOPLIST_KEY_UIMainStoryboardFile = "";
				INFOPLIST_KEY_UISupportedInterfaceOrientations = UIInterfaceOrientationPortrait;
				INFOPLIST_KEY_UISupportedInterfaceOrientations_iPad = "UIInterfaceOrientationLandscapeLeft UIInterfaceOrientationLandscapeRight UIInterfaceOrientationPortrait UIInterfaceOrientationPortraitUpsideDown";
				IPHONEOS_DEPLOYMENT_TARGET = 15.0;
				LD_RUNPATH_SEARCH_PATHS = (
					"$(inherited)",
					"@executable_path/Frameworks",
				);
				MARKETING_VERSION = 1.0;
				PRODUCT_BUNDLE_IDENTIFIER = br.com.silvafredson.MovieMate;
				PRODUCT_NAME = "$(TARGET_NAME)";
				SUPPORTED_PLATFORMS = "iphoneos iphonesimulator";
				SUPPORTS_MACCATALYST = NO;
				SUPPORTS_MAC_DESIGNED_FOR_IPHONE_IPAD = NO;
				SUPPORTS_XR_DESIGNED_FOR_IPHONE_IPAD = NO;
				SWIFT_EMIT_LOC_STRINGS = YES;
				SWIFT_VERSION = 5.0;
				TARGETED_DEVICE_FAMILY = 1;
			};
			name = Debug;
		};
		6548E70D2C42E4B100B4A83A /* Release */ = {
			isa = XCBuildConfiguration;
			buildSettings = {
				ASSETCATALOG_COMPILER_APPICON_NAME = AppIcon;
				ASSETCATALOG_COMPILER_GLOBAL_ACCENT_COLOR_NAME = AccentColor;
				CODE_SIGN_STYLE = Automatic;
				CURRENT_PROJECT_VERSION = 1;
				GENERATE_INFOPLIST_FILE = YES;
				INFOPLIST_FILE = MovieMate/Info.plist;
				INFOPLIST_KEY_LSApplicationCategoryType = "public.app-category.entertainment";
				INFOPLIST_KEY_UIApplicationSupportsIndirectInputEvents = YES;
				INFOPLIST_KEY_UILaunchStoryboardName = LaunchScreen;
				INFOPLIST_KEY_UIMainStoryboardFile = "";
				INFOPLIST_KEY_UISupportedInterfaceOrientations = UIInterfaceOrientationPortrait;
				INFOPLIST_KEY_UISupportedInterfaceOrientations_iPad = "UIInterfaceOrientationLandscapeLeft UIInterfaceOrientationLandscapeRight UIInterfaceOrientationPortrait UIInterfaceOrientationPortraitUpsideDown";
				IPHONEOS_DEPLOYMENT_TARGET = 15.0;
				LD_RUNPATH_SEARCH_PATHS = (
					"$(inherited)",
					"@executable_path/Frameworks",
				);
				MARKETING_VERSION = 1.0;
				PRODUCT_BUNDLE_IDENTIFIER = br.com.silvafredson.MovieMate;
				PRODUCT_NAME = "$(TARGET_NAME)";
				SUPPORTED_PLATFORMS = "iphoneos iphonesimulator";
				SUPPORTS_MACCATALYST = NO;
				SUPPORTS_MAC_DESIGNED_FOR_IPHONE_IPAD = NO;
				SUPPORTS_XR_DESIGNED_FOR_IPHONE_IPAD = NO;
				SWIFT_EMIT_LOC_STRINGS = YES;
				SWIFT_VERSION = 5.0;
				TARGETED_DEVICE_FAMILY = 1;
			};
			name = Release;
		};
/* End XCBuildConfiguration section */

/* Begin XCConfigurationList section */
		6548E6F22C42E4AF00B4A83A /* Build configuration list for PBXProject "MovieMate" */ = {
			isa = XCConfigurationList;
			buildConfigurations = (
				6548E7092C42E4B100B4A83A /* Debug */,
				6548E70A2C42E4B100B4A83A /* Release */,
			);
			defaultConfigurationIsVisible = 0;
			defaultConfigurationName = Release;
		};
		6548E70B2C42E4B100B4A83A /* Build configuration list for PBXNativeTarget "MovieMate" */ = {
			isa = XCConfigurationList;
			buildConfigurations = (
				6548E70C2C42E4B100B4A83A /* Debug */,
				6548E70D2C42E4B100B4A83A /* Release */,
			);
			defaultConfigurationIsVisible = 0;
			defaultConfigurationName = Release;
		};
/* End XCConfigurationList section */

/* Begin XCRemoteSwiftPackageReference section */
		657FAF4F2C43534300E24F53 /* XCRemoteSwiftPackageReference "SnapKit" */ = {
			isa = XCRemoteSwiftPackageReference;
			repositoryURL = "https://github.com/SnapKit/SnapKit";
			requirement = {
				kind = upToNextMajorVersion;
				minimumVersion = 5.7.1;
			};
		};
		657FAF542C4358A600E24F53 /* XCRemoteSwiftPackageReference "Kingfisher" */ = {
			isa = XCRemoteSwiftPackageReference;
			repositoryURL = "https://github.com/onevcat/Kingfisher.git";
			requirement = {
				kind = upToNextMajorVersion;
				minimumVersion = 7.12.0;
			};
		};
/* End XCRemoteSwiftPackageReference section */

/* Begin XCSwiftPackageProductDependency section */
		657FAF502C43534300E24F53 /* SnapKit */ = {
			isa = XCSwiftPackageProductDependency;
			package = 657FAF4F2C43534300E24F53 /* XCRemoteSwiftPackageReference "SnapKit" */;
			productName = SnapKit;
		};
		657FAF522C43534300E24F53 /* SnapKit-Dynamic */ = {
			isa = XCSwiftPackageProductDependency;
			package = 657FAF4F2C43534300E24F53 /* XCRemoteSwiftPackageReference "SnapKit" */;
			productName = "SnapKit-Dynamic";
		};
		657FAF552C4358A600E24F53 /* Kingfisher */ = {
			isa = XCSwiftPackageProductDependency;
			package = 657FAF542C4358A600E24F53 /* XCRemoteSwiftPackageReference "Kingfisher" */;
			productName = Kingfisher;
		};
/* End XCSwiftPackageProductDependency section */
	};
	rootObject = 6548E6EF2C42E4AF00B4A83A /* Project object */;
}
